
Microsoft Visual Studio Solution File, Format Version 12.00
# Visual Studio Version 16
VisualStudioVersion = 16.0.32413.511
MinimumVisualStudioVersion = 10.0.40219.1
Project("{FAE04EC0-301F-11D3-BF4B-00C04F79EFBC}") = "Jack Run", "Jack Run\Jack Run.csproj", "{DD534A46-CC9A-4975-B140-6C99CF29C474}"
EndProject
Global
	GlobalSection(SolutionConfigurationPlatforms) = preSolution
		Debug|Any CPU = Debug|Any CPU
		Release|Any CPU = Release|Any CPU
	EndGlobalSection
	GlobalSection(ProjectConfigurationPlatforms) = postSolution
		{DD534A46-CC9A-4975-B140-6C99CF29C474}.Debug|Any CPU.ActiveCfg = Debug|Any CPU
		{DD534A46-CC9A-4975-B140-6C99CF29C474}.Debug|Any CPU.Build.0 = Debug|Any CPU
		{DD534A46-CC9A-4975-B140-6C99CF29C474}.Release|Any CPU.ActiveCfg = Release|Any CPU
		{DD534A46-CC9A-4975-B140-6C99CF29C474}.Release|Any CPU.Build.0 = Release|Any CPU
	EndGlobalSection
	GlobalSection(SolutionProperties) = preSolution
		HideSolutionNode = FALSE
	EndGlobalSection
	GlobalSection(ExtensibilityGlobals) = postSolution
		SolutionGuid = {CB712120-0B87-4864-A43A-2016869140CE}
	EndGlobalSection
EndGlobal
